[[package]]
category = "main"
description = "A Python package - client"
name = "client"
optional = false
python-versions = "*"
version = "0.0.1"

[metadata]
content-hash = "116cd3f2baeebcd0e101593e82b4577aabc6295984167c67f5b03147526e8523"
python-versions = "^3.7"

[metadata.hashes]
client = ["38dbc62a18e58e97176dbb999d3be7dafb5ee4fa8fd02fc674ed7330c76aec2e"]
